
Microsoft Visual Studio Solution File, Format Version 12.00
# Visual Studio Version 16
VisualStudioVersion = 16.0.810.6
MinimumVisualStudioVersion = 10.0.40219.1
Project("{FAE04EC0-301F-11D3-BF4B-00C04F79EFBC}") = "WildlifeOCR", "WildlifeOCR\WildlifeOCR.csproj", "{BCEBEF52-8F31-4BFC-9AFC-FB478A0FEB03}"
EndProject
Global
	GlobalSection(SolutionConfigurationPlatforms) = preSolution
		Debug|Any CPU = Debug|Any CPU
		Release|Any CPU = Release|Any CPU
	EndGlobalSection
	GlobalSection(ProjectConfigurationPlatforms) = postSolution
		{BCEBEF52-8F31-4BFC-9AFC-FB478A0FEB03}.Debug|Any CPU.ActiveCfg = Debug|Any CPU
		{BCEBEF52-8F31-4BFC-9AFC-FB478A0FEB03}.Debug|Any CPU.Build.0 = Debug|Any CPU
		{BCEBEF52-8F31-4BFC-9AFC-FB478A0FEB03}.Release|Any CPU.ActiveCfg = Release|Any CPU
		{BCEBEF52-8F31-4BFC-9AFC-FB478A0FEB03}.Release|Any CPU.Build.0 = Release|Any CPU
	EndGlobalSection
	GlobalSection(SolutionProperties) = preSolution
		HideSolutionNode = FALSE
	EndGlobalSection
	GlobalSection(ExtensibilityGlobals) = postSolution
		SolutionGuid = {161FCF77-BFA0-4DE6-B4BE-4E8A86579BE4}
	EndGlobalSection
EndGlobal
